// !$*UTF8*$!
{
	archiveVersion = 1;
	classes = {
	};
	objectVersion = 48;
	objects = {

/* Begin PBXBuildFile section */
		0EF9BABD35EEB0D157762BC4 /* Pods_iOSFinal.framework in Frameworks */ = {isa = PBXBuildFile; fileRef = 1037EBF685DA85F23877CFB9 /* Pods_iOSFinal.framework */; };
		434CA6DDFBED10FBCA92C092 /* Pods_iOSFinalTests.framework in Frameworks */ = {isa = PBXBuildFile; fileRef = 272570B8C55D2FDBC4359160 /* Pods_iOSFinalTests.framework */; };
		53438CE532958C32E7A00335 /* Pods_iOSFinalUITests.framework in Frameworks */ = {isa = PBXBuildFile; fileRef = C8D40D10E3C40071DE0AE5CE /* Pods_iOSFinalUITests.framework */; };
		5E89BFA6209E855A004C42D9 /* SliderValue.swift in Sources */ = {isa = PBXBuildFile; fileRef = 5E89BFA5209E8559004C42D9 /* SliderValue.swift */; };
		D70B4226209CEBB00062B5E4 /* AppDelegate.swift in Sources */ = {isa = PBXBuildFile; fileRef = D70B4225209CEBB00062B5E4 /* AppDelegate.swift */; };
		D70B4228209CEBB00062B5E4 /* ViewController.swift in Sources */ = {isa = PBXBuildFile; fileRef = D70B4227209CEBB00062B5E4 /* ViewController.swift */; };
		D70B422D209CEBB00062B5E4 /* Assets.xcassets in Resources */ = {isa = PBXBuildFile; fileRef = D70B422C209CEBB00062B5E4 /* Assets.xcassets */; };
		D70B4230209CEBB00062B5E4 /* LaunchScreen.storyboard in Resources */ = {isa = PBXBuildFile; fileRef = D70B422E209CEBB00062B5E4 /* LaunchScreen.storyboard */; };
		D70B423B209CEBB00062B5E4 /* iOSFinalTests.swift in Sources */ = {isa = PBXBuildFile; fileRef = D70B423A209CEBB00062B5E4 /* iOSFinalTests.swift */; };
		D70B4246209CEBB00062B5E4 /* iOSFinalUITests.swift in Sources */ = {isa = PBXBuildFile; fileRef = D70B4245209CEBB00062B5E4 /* iOSFinalUITests.swift */; };
		D70B4254209CEC4B0062B5E4 /* NetworkManager.swift in Sources */ = {isa = PBXBuildFile; fileRef = D70B4253209CEC4B0062B5E4 /* NetworkManager.swift */; };
		D70B4256209CEC7A0062B5E4 /* FilterViewController.swift in Sources */ = {isa = PBXBuildFile; fileRef = D70B4255209CEC7A0062B5E4 /* FilterViewController.swift */; };
		D70B4258209CEC9D0062B5E4 /* SurveyViewController.swift in Sources */ = {isa = PBXBuildFile; fileRef = D70B4257209CEC9D0062B5E4 /* SurveyViewController.swift */; };
		D70B425A209CECBD0062B5E4 /* ProfileTableViewCell.swift in Sources */ = {isa = PBXBuildFile; fileRef = D70B4259209CECBD0062B5E4 /* ProfileTableViewCell.swift */; };
		D70B425C209CECD20062B5E4 /* Profile.swift in Sources */ = {isa = PBXBuildFile; fileRef = D70B425B209CECD20062B5E4 /* Profile.swift */; };
		D7609721209D77A800C60142 /* ProfileViewController.swift in Sources */ = {isa = PBXBuildFile; fileRef = D7609720209D77A800C60142 /* ProfileViewController.swift */; };
/* End PBXBuildFile section */

/* Begin PBXContainerItemProxy section */
		D70B4237209CEBB00062B5E4 /* PBXContainerItemProxy */ = {
			isa = PBXContainerItemProxy;
			containerPortal = D70B421A209CEBB00062B5E4 /* Project object */;
			proxyType = 1;
			remoteGlobalIDString = D70B4221209CEBB00062B5E4;
			remoteInfo = iOSFinal;
		};
		D70B4242209CEBB00062B5E4 /* PBXContainerItemProxy */ = {
			isa = PBXContainerItemProxy;
			containerPortal = D70B421A209CEBB00062B5E4 /* Project object */;
			proxyType = 1;
			remoteGlobalIDString = D70B4221209CEBB00062B5E4;
			remoteInfo = iOSFinal;
		};
/* End PBXContainerItemProxy section */

/* Begin PBXFileReference section */
		1037EBF685DA85F23877CFB9 /* Pods_iOSFinal.framework */ = {isa = PBXFileReference; explicitFileType = wrapper.framework; includeInIndex = 0; path = Pods_iOSFinal.framework; sourceTree = BUILT_PRODUCTS_DIR; };
		12DB6BB47E1E16EBEBB0B1BC /* Pods-iOSFinalTests.debug.xcconfig */ = {isa = PBXFileReference; includeInIndex = 1; lastKnownFileType = text.xcconfig; name = "Pods-iOSFinalTests.debug.xcconfig"; path = "Pods/Target Support Files/Pods-iOSFinalTests/Pods-iOSFinalTests.debug.xcconfig"; sourceTree = "<group>"; };
		272570B8C55D2FDBC4359160 /* Pods_iOSFinalTests.framework */ = {isa = PBXFileReference; explicitFileType = wrapper.framework; includeInIndex = 0; path = Pods_iOSFinalTests.framework; sourceTree = BUILT_PRODUCTS_DIR; };
		365667D939A2B314AD8DF77E /* Pods-iOSFinal.debug.xcconfig */ = {isa = PBXFileReference; includeInIndex = 1; lastKnownFileType = text.xcconfig; name = "Pods-iOSFinal.debug.xcconfig"; path = "Pods/Target Support Files/Pods-iOSFinal/Pods-iOSFinal.debug.xcconfig"; sourceTree = "<group>"; };
		582B5790F3A7927266F81006 /* Pods-iOSFinal.release.xcconfig */ = {isa = PBXFileReference; includeInIndex = 1; lastKnownFileType = text.xcconfig; name = "Pods-iOSFinal.release.xcconfig"; path = "Pods/Target Support Files/Pods-iOSFinal/Pods-iOSFinal.release.xcconfig"; sourceTree = "<group>"; };
		583C862D660EF283D0ED25BB /* Pods-iOSFinalUITests.debug.xcconfig */ = {isa = PBXFileReference; includeInIndex = 1; lastKnownFileType = text.xcconfig; name = "Pods-iOSFinalUITests.debug.xcconfig"; path = "Pods/Target Support Files/Pods-iOSFinalUITests/Pods-iOSFinalUITests.debug.xcconfig"; sourceTree = "<group>"; };
		5E89BFA5209E8559004C42D9 /* SliderValue.swift */ = {isa = PBXFileReference; lastKnownFileType = sourcecode.swift; path = SliderValue.swift; sourceTree = "<group>"; };
		80E0FE2C65944EB5ADE00B08 /* Pods-iOSFinalTests.release.xcconfig */ = {isa = PBXFileReference; includeInIndex = 1; lastKnownFileType = text.xcconfig; name = "Pods-iOSFinalTests.release.xcconfig"; path = "Pods/Target Support Files/Pods-iOSFinalTests/Pods-iOSFinalTests.release.xcconfig"; sourceTree = "<group>"; };
		C8D40D10E3C40071DE0AE5CE /* Pods_iOSFinalUITests.framework */ = {isa = PBXFileReference; explicitFileType = wrapper.framework; includeInIndex = 0; path = Pods_iOSFinalUITests.framework; sourceTree = BUILT_PRODUCTS_DIR; };
		D70B4222209CEBB00062B5E4 /* iOSFinal.app */ = {isa = PBXFileReference; explicitFileType = wrapper.application; includeInIndex = 0; path = iOSFinal.app; sourceTree = BUILT_PRODUCTS_DIR; };
		D70B4225209CEBB00062B5E4 /* AppDelegate.swift */ = {isa = PBXFileReference; lastKnownFileType = sourcecode.swift; path = AppDelegate.swift; sourceTree = "<group>"; };
		D70B4227209CEBB00062B5E4 /* ViewController.swift */ = {isa = PBXFileReference; lastKnownFileType = sourcecode.swift; path = ViewController.swift; sourceTree = "<group>"; };
		D70B422C209CEBB00062B5E4 /* Assets.xcassets */ = {isa = PBXFileReference; lastKnownFileType = folder.assetcatalog; path = Assets.xcassets; sourceTree = "<group>"; };
		D70B422F209CEBB00062B5E4 /* Base */ = {isa = PBXFileReference; lastKnownFileType = file.storyboard; name = Base; path = Base.lproj/LaunchScreen.storyboard; sourceTree = "<group>"; };
		D70B4231209CEBB00062B5E4 /* Info.plist */ = {isa = PBXFileReference; lastKnownFileType = text.plist.xml; path = Info.plist; sourceTree = "<group>"; };
		D70B4236209CEBB00062B5E4 /* iOSFinalTests.xctest */ = {isa = PBXFileReference; explicitFileType = wrapper.cfbundle; includeInIndex = 0; path = iOSFinalTests.xctest; sourceTree = BUILT_PRODUCTS_DIR; };
		D70B423A209CEBB00062B5E4 /* iOSFinalTests.swift */ = {isa = PBXFileReference; lastKnownFileType = sourcecode.swift; path = iOSFinalTests.swift; sourceTree = "<group>"; };
		D70B423C209CEBB00062B5E4 /* Info.plist */ = {isa = PBXFileReference; lastKnownFileType = text.plist.xml; path = Info.plist; sourceTree = "<group>"; };
		D70B4241209CEBB00062B5E4 /* iOSFinalUITests.xctest */ = {isa = PBXFileReference; explicitFileType = wrapper.cfbundle; includeInIndex = 0; path = iOSFinalUITests.xctest; sourceTree = BUILT_PRODUCTS_DIR; };
		D70B4245209CEBB00062B5E4 /* iOSFinalUITests.swift */ = {isa = PBXFileReference; lastKnownFileType = sourcecode.swift; path = iOSFinalUITests.swift; sourceTree = "<group>"; };
		D70B4247209CEBB00062B5E4 /* Info.plist */ = {isa = PBXFileReference; lastKnownFileType = text.plist.xml; path = Info.plist; sourceTree = "<group>"; };
		D70B4253209CEC4B0062B5E4 /* NetworkManager.swift */ = {isa = PBXFileReference; lastKnownFileType = sourcecode.swift; path = NetworkManager.swift; sourceTree = "<group>"; };
		D70B4255209CEC7A0062B5E4 /* FilterViewController.swift */ = {isa = PBXFileReference; lastKnownFileType = sourcecode.swift; path = FilterViewController.swift; sourceTree = "<group>"; };
		D70B4257209CEC9D0062B5E4 /* SurveyViewController.swift */ = {isa = PBXFileReference; lastKnownFileType = sourcecode.swift; path = SurveyViewController.swift; sourceTree = "<group>"; };
		D70B4259209CECBD0062B5E4 /* ProfileTableViewCell.swift */ = {isa = PBXFileReference; lastKnownFileType = sourcecode.swift; path = ProfileTableViewCell.swift; sourceTree = "<group>"; };
		D70B425B209CECD20062B5E4 /* Profile.swift */ = {isa = PBXFileReference; lastKnownFileType = sourcecode.swift; path = Profile.swift; sourceTree = "<group>"; };
		D7609720209D77A800C60142 /* ProfileViewController.swift */ = {isa = PBXFileReference; lastKnownFileType = sourcecode.swift; path = ProfileViewController.swift; sourceTree = "<group>"; };
		E8287F291E7BAE7AE5A75BAF /* Pods-iOSFinalUITests.release.xcconfig */ = {isa = PBXFileReference; includeInIndex = 1; lastKnownFileType = text.xcconfig; name = "Pods-iOSFinalUITests.release.xcconfig"; path = "Pods/Target Support Files/Pods-iOSFinalUITests/Pods-iOSFinalUITests.release.xcconfig"; sourceTree = "<group>"; };
/* End PBXFileReference section */

/* Begin PBXFrameworksBuildPhase section */
		D70B421F209CEBB00062B5E4 /* Frameworks */ = {
			isa = PBXFrameworksBuildPhase;
			buildActionMask = 2147483647;
			files = (
				0EF9BABD35EEB0D157762BC4 /* Pods_iOSFinal.framework in Frameworks */,
			);
			runOnlyForDeploymentPostprocessing = 0;
		};
		D70B4233209CEBB00062B5E4 /* Frameworks */ = {
			isa = PBXFrameworksBuildPhase;
			buildActionMask = 2147483647;
			files = (
				434CA6DDFBED10FBCA92C092 /* Pods_iOSFinalTests.framework in Frameworks */,
			);
			runOnlyForDeploymentPostprocessing = 0;
		};
		D70B423E209CEBB00062B5E4 /* Frameworks */ = {
			isa = PBXFrameworksBuildPhase;
			buildActionMask = 2147483647;
			files = (
				53438CE532958C32E7A00335 /* Pods_iOSFinalUITests.framework in Frameworks */,
			);
			runOnlyForDeploymentPostprocessing = 0;
		};
/* End PBXFrameworksBuildPhase section */

/* Begin PBXGroup section */
		BB36E5CAF3EFC0E3AFCC47DA /* Frameworks */ = {
			isa = PBXGroup;
			children = (
				1037EBF685DA85F23877CFB9 /* Pods_iOSFinal.framework */,
				272570B8C55D2FDBC4359160 /* Pods_iOSFinalTests.framework */,
				C8D40D10E3C40071DE0AE5CE /* Pods_iOSFinalUITests.framework */,
			);
			name = Frameworks;
			sourceTree = "<group>";
		};
		CAF0904453A9ABC67FB64E9A /* Pods */ = {
			isa = PBXGroup;
			children = (
				365667D939A2B314AD8DF77E /* Pods-iOSFinal.debug.xcconfig */,
				582B5790F3A7927266F81006 /* Pods-iOSFinal.release.xcconfig */,
				12DB6BB47E1E16EBEBB0B1BC /* Pods-iOSFinalTests.debug.xcconfig */,
				80E0FE2C65944EB5ADE00B08 /* Pods-iOSFinalTests.release.xcconfig */,
				583C862D660EF283D0ED25BB /* Pods-iOSFinalUITests.debug.xcconfig */,
				E8287F291E7BAE7AE5A75BAF /* Pods-iOSFinalUITests.release.xcconfig */,
			);
			name = Pods;
			sourceTree = "<group>";
		};
		D70B4219209CEBB00062B5E4 = {
			isa = PBXGroup;
			children = (
				D70B4224209CEBB00062B5E4 /* iOSFinal */,
				D70B4239209CEBB00062B5E4 /* iOSFinalTests */,
				D70B4244209CEBB00062B5E4 /* iOSFinalUITests */,
				D70B4223209CEBB00062B5E4 /* Products */,
				CAF0904453A9ABC67FB64E9A /* Pods */,
				BB36E5CAF3EFC0E3AFCC47DA /* Frameworks */,
			);
			sourceTree = "<group>";
		};
		D70B4223209CEBB00062B5E4 /* Products */ = {
			isa = PBXGroup;
			children = (
				D70B4222209CEBB00062B5E4 /* iOSFinal.app */,
				D70B4236209CEBB00062B5E4 /* iOSFinalTests.xctest */,
				D70B4241209CEBB00062B5E4 /* iOSFinalUITests.xctest */,
			);
			name = Products;
			sourceTree = "<group>";
		};
		D70B4224209CEBB00062B5E4 /* iOSFinal */ = {
			isa = PBXGroup;
			children = (
				D70B4225209CEBB00062B5E4 /* AppDelegate.swift */,
				D70B4227209CEBB00062B5E4 /* ViewController.swift */,
				D7609720209D77A800C60142 /* ProfileViewController.swift */,
				D70B4253209CEC4B0062B5E4 /* NetworkManager.swift */,
				D70B4255209CEC7A0062B5E4 /* FilterViewController.swift */,
				D70B4257209CEC9D0062B5E4 /* SurveyViewController.swift */,
				5E89BFA5209E8559004C42D9 /* SliderValue.swift */,
				D70B4259209CECBD0062B5E4 /* ProfileTableViewCell.swift */,
				D70B425B209CECD20062B5E4 /* Profile.swift */,
				D70B4231209CEBB00062B5E4 /* Info.plist */,
				D70B422C209CEBB00062B5E4 /* Assets.xcassets */,
				D70B422E209CEBB00062B5E4 /* LaunchScreen.storyboard */,
			);
			path = iOSFinal;
			sourceTree = "<group>";
		};
		D70B4239209CEBB00062B5E4 /* iOSFinalTests */ = {
			isa = PBXGroup;
			children = (
				D70B423A209CEBB00062B5E4 /* iOSFinalTests.swift */,
				D70B423C209CEBB00062B5E4 /* Info.plist */,
			);
			path = iOSFinalTests;
			sourceTree = "<group>";
		};
		D70B4244209CEBB00062B5E4 /* iOSFinalUITests */ = {
			isa = PBXGroup;
			children = (
				D70B4245209CEBB00062B5E4 /* iOSFinalUITests.swift */,
				D70B4247209CEBB00062B5E4 /* Info.plist */,
			);
			path = iOSFinalUITests;
			sourceTree = "<group>";
		};
/* End PBXGroup section */

/* Begin PBXNativeTarget section */
		D70B4221209CEBB00062B5E4 /* iOSFinal */ = {
			isa = PBXNativeTarget;
			buildConfigurationList = D70B424A209CEBB00062B5E4 /* Build configuration list for PBXNativeTarget "iOSFinal" */;
			buildPhases = (
				9F591808C1954C91AE339242 /* [CP] Check Pods Manifest.lock */,
				D70B421E209CEBB00062B5E4 /* Sources */,
				D70B421F209CEBB00062B5E4 /* Frameworks */,
				D70B4220209CEBB00062B5E4 /* Resources */,
				AD3571A26E089BD6803FB81E /* [CP] Embed Pods Frameworks */,
				B0884B969491FB60F34BF228 /* [CP] Copy Pods Resources */,
			);
			buildRules = (
			);
			dependencies = (
			);
			name = iOSFinal;
			productName = iOSFinal;
			productReference = D70B4222209CEBB00062B5E4 /* iOSFinal.app */;
			productType = "com.apple.product-type.application";
		};
		D70B4235209CEBB00062B5E4 /* iOSFinalTests */ = {
			isa = PBXNativeTarget;
			buildConfigurationList = D70B424D209CEBB00062B5E4 /* Build configuration list for PBXNativeTarget "iOSFinalTests" */;
			buildPhases = (
				0366F49E8393EDE2B2942ABE /* [CP] Check Pods Manifest.lock */,
				D70B4232209CEBB00062B5E4 /* Sources */,
				D70B4233209CEBB00062B5E4 /* Frameworks */,
				D70B4234209CEBB00062B5E4 /* Resources */,
				152DF4060A140BB455F8809A /* [CP] Embed Pods Frameworks */,
				8A75131D5D2AB47C07C1C491 /* [CP] Copy Pods Resources */,
			);
			buildRules = (
			);
			dependencies = (
				D70B4238209CEBB00062B5E4 /* PBXTargetDependency */,
			);
			name = iOSFinalTests;
			productName = iOSFinalTests;
			productReference = D70B4236209CEBB00062B5E4 /* iOSFinalTests.xctest */;
			productType = "com.apple.product-type.bundle.unit-test";
		};
		D70B4240209CEBB00062B5E4 /* iOSFinalUITests */ = {
			isa = PBXNativeTarget;
			buildConfigurationList = D70B4250209CEBB00062B5E4 /* Build configuration list for PBXNativeTarget "iOSFinalUITests" */;
			buildPhases = (
				43A197BA45811B1DEEC4C6AA /* [CP] Check Pods Manifest.lock */,
				D70B423D209CEBB00062B5E4 /* Sources */,
				D70B423E209CEBB00062B5E4 /* Frameworks */,
				D70B423F209CEBB00062B5E4 /* Resources */,
				D7D1F1ACC89D4388170377B8 /* [CP] Embed Pods Frameworks */,
				C620B6AD51BF5E13AFB71602 /* [CP] Copy Pods Resources */,
			);
			buildRules = (
			);
			dependencies = (
				D70B4243209CEBB00062B5E4 /* PBXTargetDependency */,
			);
			name = iOSFinalUITests;
			productName = iOSFinalUITests;
			productReference = D70B4241209CEBB00062B5E4 /* iOSFinalUITests.xctest */;
			productType = "com.apple.product-type.bundle.ui-testing";
		};
/* End PBXNativeTarget section */

/* Begin PBXProject section */
		D70B421A209CEBB00062B5E4 /* Project object */ = {
			isa = PBXProject;
			attributes = {
				LastSwiftUpdateCheck = 0920;
				LastUpgradeCheck = 0920;
				ORGANIZATIONNAME = "Vivian Mengxue Li";
				TargetAttributes = {
					D70B4221209CEBB00062B5E4 = {
						CreatedOnToolsVersion = 9.2;
						ProvisioningStyle = Automatic;
					};
					D70B4235209CEBB00062B5E4 = {
						CreatedOnToolsVersion = 9.2;
						ProvisioningStyle = Automatic;
						TestTargetID = D70B4221209CEBB00062B5E4;
					};
					D70B4240209CEBB00062B5E4 = {
						CreatedOnToolsVersion = 9.2;
						ProvisioningStyle = Automatic;
						TestTargetID = D70B4221209CEBB00062B5E4;
					};
				};
			};
			buildConfigurationList = D70B421D209CEBB00062B5E4 /* Build configuration list for PBXProject "iOSFinal" */;
			compatibilityVersion = "Xcode 8.0";
			developmentRegion = en;
			hasScannedForEncodings = 0;
			knownRegions = (
				en,
				Base,
			);
			mainGroup = D70B4219209CEBB00062B5E4;
			productRefGroup = D70B4223209CEBB00062B5E4 /* Products */;
			projectDirPath = "";
			projectRoot = "";
			targets = (
				D70B4221209CEBB00062B5E4 /* iOSFinal */,
				D70B4235209CEBB00062B5E4 /* iOSFinalTests */,
				D70B4240209CEBB00062B5E4 /* iOSFinalUITests */,
			);
		};
/* End PBXProject section */

/* Begin PBXResourcesBuildPhase section */
		D70B4220209CEBB00062B5E4 /* Resources */ = {
			isa = PBXResourcesBuildPhase;
			buildActionMask = 2147483647;
			files = (
				D70B4230209CEBB00062B5E4 /* LaunchScreen.storyboard in Resources */,
				D70B422D209CEBB00062B5E4 /* Assets.xcassets in Resources */,
			);
			runOnlyForDeploymentPostprocessing = 0;
		};
		D70B4234209CEBB00062B5E4 /* Resources */ = {
			isa = PBXResourcesBuildPhase;
			buildActionMask = 2147483647;
			files = (
			);
			runOnlyForDeploymentPostprocessing = 0;
		};
		D70B423F209CEBB00062B5E4 /* Resources */ = {
			isa = PBXResourcesBuildPhase;
			buildActionMask = 2147483647;
			files = (
			);
			runOnlyForDeploymentPostprocessing = 0;
		};
/* End PBXResourcesBuildPhase section */

/* Begin PBXShellScriptBuildPhase section */
		0366F49E8393EDE2B2942ABE /* [CP] Check Pods Manifest.lock */ = {
			isa = PBXShellScriptBuildPhase;
			buildActionMask = 2147483647;
			files = (
			);
			inputPaths = (
				"${PODS_PODFILE_DIR_PATH}/Podfile.lock",
				"${PODS_ROOT}/Manifest.lock",
			);
			name = "[CP] Check Pods Manifest.lock";
			outputPaths = (
				"$(DERIVED_FILE_DIR)/Pods-iOSFinalTests-checkManifestLockResult.txt",
			);
			runOnlyForDeploymentPostprocessing = 0;
			shellPath = /bin/sh;
			shellScript = "diff \"${PODS_ROOT}/../Podfile.lock\" \"${PODS_ROOT}/Manifest.lock\" > /dev/null\nif [ $? != 0 ] ; then\n    # print error to STDERR\n    echo \"error: The sandbox is not in sync with the Podfile.lock. Run 'pod install' or update your CocoaPods installation.\" >&2\n    exit 1\nfi\n";
			showEnvVarsInLog = 0;
		};
		152DF4060A140BB455F8809A /* [CP] Embed Pods Frameworks */ = {
			isa = PBXShellScriptBuildPhase;
			buildActionMask = 2147483647;
			files = (
			);
			inputPaths = (
			);
			name = "[CP] Embed Pods Frameworks";
			outputPaths = (
			);
			runOnlyForDeploymentPostprocessing = 0;
			shellPath = /bin/sh;
			shellScript = "\"${SRCROOT}/Pods/Target Support Files/Pods-iOSFinalTests/Pods-iOSFinalTests-frameworks.sh\"\n";
			showEnvVarsInLog = 0;
		};
		43A197BA45811B1DEEC4C6AA /* [CP] Check Pods Manifest.lock */ = {
			isa = PBXShellScriptBuildPhase;
			buildActionMask = 2147483647;
			files = (
			);
			inputPaths = (
				"${PODS_PODFILE_DIR_PATH}/Podfile.lock",
				"${PODS_ROOT}/Manifest.lock",
			);
			name = "[CP] Check Pods Manifest.lock";
			outputPaths = (
				"$(DERIVED_FILE_DIR)/Pods-iOSFinalUITests-checkManifestLockResult.txt",
			);
			runOnlyForDeploymentPostprocessing = 0;
			shellPath = /bin/sh;
			shellScript = "diff \"${PODS_ROOT}/../Podfile.lock\" \"${PODS_ROOT}/Manifest.lock\" > /dev/null\nif [ $? != 0 ] ; then\n    # print error to STDERR\n    echo \"error: The sandbox is not in sync with the Podfile.lock. Run 'pod install' or update your CocoaPods installation.\" >&2\n    exit 1\nfi\n";
			showEnvVarsInLog = 0;
		};
		8A75131D5D2AB47C07C1C491 /* [CP] Copy Pods Resources */ = {
			isa = PBXShellScriptBuildPhase;
			buildActionMask = 2147483647;
			files = (
			);
			inputPaths = (
			);
			name = "[CP] Copy Pods Resources";
			outputPaths = (
			);
			runOnlyForDeploymentPostprocessing = 0;
			shellPath = /bin/sh;
			shellScript = "\"${SRCROOT}/Pods/Target Support Files/Pods-iOSFinalTests/Pods-iOSFinalTests-resources.sh\"\n";
			showEnvVarsInLog = 0;
		};
		9F591808C1954C91AE339242 /* [CP] Check Pods Manifest.lock */ = {
			isa = PBXShellScriptBuildPhase;
			buildActionMask = 2147483647;
			files = (
			);
			inputPaths = (
				"${PODS_PODFILE_DIR_PATH}/Podfile.lock",
				"${PODS_ROOT}/Manifest.lock",
			);
			name = "[CP] Check Pods Manifest.lock";
			outputPaths = (
				"$(DERIVED_FILE_DIR)/Pods-iOSFinal-checkManifestLockResult.txt",
			);
			runOnlyForDeploymentPostprocessing = 0;
			shellPath = /bin/sh;
			shellScript = "diff \"${PODS_ROOT}/../Podfile.lock\" \"${PODS_ROOT}/Manifest.lock\" > /dev/null\nif [ $? != 0 ] ; then\n    # print error to STDERR\n    echo \"error: The sandbox is not in sync with the Podfile.lock. Run 'pod install' or update your CocoaPods installation.\" >&2\n    exit 1\nfi\n";
			showEnvVarsInLog = 0;
		};
		AD3571A26E089BD6803FB81E /* [CP] Embed Pods Frameworks */ = {
			isa = PBXShellScriptBuildPhase;
			buildActionMask = 2147483647;
			files = (
			);
			inputPaths = (
				"${SRCROOT}/Pods/Target Support Files/Pods-iOSFinal/Pods-iOSFinal-frameworks.sh",
				"${BUILT_PRODUCTS_DIR}/Alamofire/Alamofire.framework",
				"${BUILT_PRODUCTS_DIR}/SnapKit/SnapKit.framework",
				"${BUILT_PRODUCTS_DIR}/SwiftyJSON/SwiftyJSON.framework",
			);
			name = "[CP] Embed Pods Frameworks";
			outputPaths = (
				"${TARGET_BUILD_DIR}/${FRAMEWORKS_FOLDER_PATH}/Alamofire.framework",
				"${TARGET_BUILD_DIR}/${FRAMEWORKS_FOLDER_PATH}/SnapKit.framework",
				"${TARGET_BUILD_DIR}/${FRAMEWORKS_FOLDER_PATH}/SwiftyJSON.framework",
			);
			runOnlyForDeploymentPostprocessing = 0;
			shellPath = /bin/sh;
			shellScript = "\"${SRCROOT}/Pods/Target Support Files/Pods-iOSFinal/Pods-iOSFinal-frameworks.sh\"\n";
			showEnvVarsInLog = 0;
		};
		B0884B969491FB60F34BF228 /* [CP] Copy Pods Resources */ = {
			isa = PBXShellScriptBuildPhase;
			buildActionMask = 2147483647;
			files = (
			);
			inputPaths = (
			);
			name = "[CP] Copy Pods Resources";
			outputPaths = (
			);
			runOnlyForDeploymentPostprocessing = 0;
			shellPath = /bin/sh;
			shellScript = "\"${SRCROOT}/Pods/Target Support Files/Pods-iOSFinal/Pods-iOSFinal-resources.sh\"\n";
			showEnvVarsInLog = 0;
		};
		C620B6AD51BF5E13AFB71602 /* [CP] Copy Pods Resources */ = {
			isa = PBXShellScriptBuildPhase;
			buildActionMask = 2147483647;
			files = (
			);
			inputPaths = (
			);
			name = "[CP] Copy Pods Resources";
			outputPaths = (
			);
			runOnlyForDeploymentPostprocessing = 0;
			shellPath = /bin/sh;
			shellScript = "\"${SRCROOT}/Pods/Target Support Files/Pods-iOSFinalUITests/Pods-iOSFinalUITests-resources.sh\"\n";
			showEnvVarsInLog = 0;
		};
		D7D1F1ACC89D4388170377B8 /* [CP] Embed Pods Frameworks */ = {
			isa = PBXShellScriptBuildPhase;
			buildActionMask = 2147483647;
			files = (
			);
			inputPaths = (
			);
			name = "[CP] Embed Pods Frameworks";
			outputPaths = (
			);
			runOnlyForDeploymentPostprocessing = 0;
			shellPath = /bin/sh;
			shellScript = "\"${SRCROOT}/Pods/Target Support Files/Pods-iOSFinalUITests/Pods-iOSFinalUITests-frameworks.sh\"\n";
			showEnvVarsInLog = 0;
		};
/* End PBXShellScriptBuildPhase section */

/* Begin PBXSourcesBuildPhase section */
		D70B421E209CEBB00062B5E4 /* Sources */ = {
			isa = PBXSourcesBuildPhase;
			buildActionMask = 2147483647;
			files = (
				D70B4254209CEC4B0062B5E4 /* NetworkManager.swift in Sources */,
				D70B4228209CEBB00062B5E4 /* ViewController.swift in Sources */,
				D70B4256209CEC7A0062B5E4 /* FilterViewController.swift in Sources */,
				D70B425C209CECD20062B5E4 /* Profile.swift in Sources */,
				D70B425A209CECBD0062B5E4 /* ProfileTableViewCell.swift in Sources */,
				D70B4226209CEBB00062B5E4 /* AppDelegate.swift in Sources */,
				D7609721209D77A800C60142 /* ProfileViewController.swift in Sources */,
				D70B4258209CEC9D0062B5E4 /* SurveyViewController.swift in Sources */,
				5E89BFA6209E855A004C42D9 /* SliderValue.swift in Sources */,
			);
			runOnlyForDeploymentPostprocessing = 0;
		};
		D70B4232209CEBB00062B5E4 /* Sources */ = {
			isa = PBXSourcesBuildPhase;
			buildActionMask = 2147483647;
			files = (
				D70B423B209CEBB00062B5E4 /* iOSFinalTests.swift in Sources */,
			);
			runOnlyForDeploymentPostprocessing = 0;
		};
		D70B423D209CEBB00062B5E4 /* Sources */ = {
			isa = PBXSourcesBuildPhase;
			buildActionMask = 2147483647;
			files = (
				D70B4246209CEBB00062B5E4 /* iOSFinalUITests.swift in Sources */,
			);
			runOnlyForDeploymentPostprocessing = 0;
		};
/* End PBXSourcesBuildPhase section */

/* Begin PBXTargetDependency section */
		D70B4238209CEBB00062B5E4 /* PBXTargetDependency */ = {
			isa = PBXTargetDependency;
			target = D70B4221209CEBB00062B5E4 /* iOSFinal */;
			targetProxy = D70B4237209CEBB00062B5E4 /* PBXContainerItemProxy */;
		};
		D70B4243209CEBB00062B5E4 /* PBXTargetDependency */ = {
			isa = PBXTargetDependency;
			target = D70B4221209CEBB00062B5E4 /* iOSFinal */;
			targetProxy = D70B4242209CEBB00062B5E4 /* PBXContainerItemProxy */;
		};
/* End PBXTargetDependency section */

/* Begin PBXVariantGroup section */
		D70B422E209CEBB00062B5E4 /* LaunchScreen.storyboard */ = {
			isa = PBXVariantGroup;
			children = (
				D70B422F209CEBB00062B5E4 /* Base */,
			);
			name = LaunchScreen.storyboard;
			sourceTree = "<group>";
		};
/* End PBXVariantGroup section */

/* Begin XCBuildConfiguration section */
		D70B4248209CEBB00062B5E4 /* Debug */ = {
			isa = XCBuildConfiguration;
			buildSettings = {
				ALWAYS_SEARCH_USER_PATHS = NO;
				CLANG_ANALYZER_NONNULL = YES;
				CLANG_ANALYZER_NUMBER_OBJECT_CONVERSION = YES_AGGRESSIVE;
				CLANG_CXX_LANGUAGE_STANDARD = "gnu++14";
				CLANG_CXX_LIBRARY = "libc++";
				CLANG_ENABLE_MODULES = YES;
				CLANG_ENABLE_OBJC_ARC = YES;
				CLANG_WARN_BLOCK_CAPTURE_AUTORELEASING = YES;
				CLANG_WARN_BOOL_CONVERSION = YES;
				CLANG_WARN_COMMA = YES;
				CLANG_WARN_CONSTANT_CONVERSION = YES;
				CLANG_WARN_DIRECT_OBJC_ISA_USAGE = YES_ERROR;
				CLANG_WARN_DOCUMENTATION_COMMENTS = YES;
				CLANG_WARN_EMPTY_BODY = YES;
				CLANG_WARN_ENUM_CONVERSION = YES;
				CLANG_WARN_INFINITE_RECURSION = YES;
				CLANG_WARN_INT_CONVERSION = YES;
				CLANG_WARN_NON_LITERAL_NULL_CONVERSION = YES;
				CLANG_WARN_OBJC_LITERAL_CONVERSION = YES;
				CLANG_WARN_OBJC_ROOT_CLASS = YES_ERROR;
				CLANG_WARN_RANGE_LOOP_ANALYSIS = YES;
				CLANG_WARN_STRICT_PROTOTYPES = YES;
				CLANG_WARN_SUSPICIOUS_MOVE = YES;
				CLANG_WARN_UNGUARDED_AVAILABILITY = YES_AGGRESSIVE;
				CLANG_WARN_UNREACHABLE_CODE = YES;
				CLANG_WARN__DUPLICATE_METHOD_MATCH = YES;
				CODE_SIGN_IDENTITY = "iPhone Developer";
				COPY_PHASE_STRIP = NO;
				DEBUG_INFORMATION_FORMAT = dwarf;
				ENABLE_STRICT_OBJC_MSGSEND = YES;
				ENABLE_TESTABILITY = YES;
				GCC_C_LANGUAGE_STANDARD = gnu11;
				GCC_DYNAMIC_NO_PIC = NO;
				GCC_NO_COMMON_BLOCKS = YES;
				GCC_OPTIMIZATION_LEVEL = 0;
				GCC_PREPROCESSOR_DEFINITIONS = (
					"DEBUG=1",
					"$(inherited)",
				);
				GCC_WARN_64_TO_32_BIT_CONVERSION = YES;
				GCC_WARN_ABOUT_RETURN_TYPE = YES_ERROR;
				GCC_WARN_UNDECLARED_SELECTOR = YES;
				GCC_WARN_UNINITIALIZED_AUTOS = YES_AGGRESSIVE;
				GCC_WARN_UNUSED_FUNCTION = YES;
				GCC_WARN_UNUSED_VARIABLE = YES;
				IPHONEOS_DEPLOYMENT_TARGET = 11.2;
				MTL_ENABLE_DEBUG_INFO = YES;
				ONLY_ACTIVE_ARCH = YES;
				SDKROOT = iphoneos;
				SWIFT_ACTIVE_COMPILATION_CONDITIONS = DEBUG;
				SWIFT_OPTIMIZATION_LEVEL = "-Onone";
			};
			name = Debug;
		};
		D70B4249209CEBB00062B5E4 /* Release */ = {
			isa = XCBuildConfiguration;
			buildSettings = {
				ALWAYS_SEARCH_USER_PATHS = NO;
				CLANG_ANALYZER_NONNULL = YES;
				CLANG_ANALYZER_NUMBER_OBJECT_CONVERSION = YES_AGGRESSIVE;
				CLANG_CXX_LANGUAGE_STANDARD = "gnu++14";
				CLANG_CXX_LIBRARY = "libc++";
				CLANG_ENABLE_MODULES = YES;
				CLANG_ENABLE_OBJC_ARC = YES;
				CLANG_WARN_BLOCK_CAPTURE_AUTORELEASING = YES;
				CLANG_WARN_BOOL_CONVERSION = YES;
				CLANG_WARN_COMMA = YES;
				CLANG_WARN_CONSTANT_CONVERSION = YES;
				CLANG_WARN_DIRECT_OBJC_ISA_USAGE = YES_ERROR;
				CLANG_WARN_DOCUMENTATION_COMMENTS = YES;
				CLANG_WARN_EMPTY_BODY = YES;
				CLANG_WARN_ENUM_CONVERSION = YES;
				CLANG_WARN_INFINITE_RECURSION = YES;
				CLANG_WARN_INT_CONVERSION = YES;
				CLANG_WARN_NON_LITERAL_NULL_CONVERSION = YES;
				CLANG_WARN_OBJC_LITERAL_CONVERSION = YES;
				CLANG_WARN_OBJC_ROOT_CLASS = YES_ERROR;
				CLANG_WARN_RANGE_LOOP_ANALYSIS = YES;
				CLANG_WARN_STRICT_PROTOTYPES = YES;
				CLANG_WARN_SUSPICIOUS_MOVE = YES;
				CLANG_WARN_UNGUARDED_AVAILABILITY = YES_AGGRESSIVE;
				CLANG_WARN_UNREACHABLE_CODE = YES;
				CLANG_WARN__DUPLICATE_METHOD_MATCH = YES;
				CODE_SIGN_IDENTITY = "iPhone Developer";
				COPY_PHASE_STRIP = NO;
				DEBUG_INFORMATION_FORMAT = "dwarf-with-dsym";
				ENABLE_NS_ASSERTIONS = NO;
				ENABLE_STRICT_OBJC_MSGSEND = YES;
				GCC_C_LANGUAGE_STANDARD = gnu11;
				GCC_NO_COMMON_BLOCKS = YES;
				GCC_WARN_64_TO_32_BIT_CONVERSION = YES;
				GCC_WARN_ABOUT_RETURN_TYPE = YES_ERROR;
				GCC_WARN_UNDECLARED_SELECTOR = YES;
				GCC_WARN_UNINITIALIZED_AUTOS = YES_AGGRESSIVE;
				GCC_WARN_UNUSED_FUNCTION = YES;
				GCC_WARN_UNUSED_VARIABLE = YES;
				IPHONEOS_DEPLOYMENT_TARGET = 11.2;
				MTL_ENABLE_DEBUG_INFO = NO;
				SDKROOT = iphoneos;
				SWIFT_OPTIMIZATION_LEVEL = "-Owholemodule";
				VALIDATE_PRODUCT = YES;
			};
			name = Release;
		};
		D70B424B209CEBB00062B5E4 /* Debug */ = {
			isa = XCBuildConfiguration;
			baseConfigurationReference = 365667D939A2B314AD8DF77E /* Pods-iOSFinal.debug.xcconfig */;
			buildSettings = {
				ASSETCATALOG_COMPILER_APPICON_NAME = AppIcon;
				CODE_SIGN_STYLE = Automatic;
				INFOPLIST_FILE = iOSFinal/Info.plist;
				LD_RUNPATH_SEARCH_PATHS = "$(inherited) @executable_path/Frameworks";
				PRODUCT_BUNDLE_IDENTIFIER = vivian.iOSFinal;
				PRODUCT_NAME = "$(TARGET_NAME)";
				SWIFT_VERSION = 4.0;
				TARGETED_DEVICE_FAMILY = "1,2";
			};
			name = Debug;
		};
		D70B424C209CEBB00062B5E4 /* Release */ = {
			isa = XCBuildConfiguration;
			baseConfigurationReference = 582B5790F3A7927266F81006 /* Pods-iOSFinal.release.xcconfig */;
			buildSettings = {
				ASSETCATALOG_COMPILER_APPICON_NAME = AppIcon;
				CODE_SIGN_STYLE = Automatic;
				INFOPLIST_FILE = iOSFinal/Info.plist;
				LD_RUNPATH_SEARCH_PATHS = "$(inherited) @executable_path/Frameworks";
				PRODUCT_BUNDLE_IDENTIFIER = vivian.iOSFinal;
				PRODUCT_NAME = "$(TARGET_NAME)";
				SWIFT_VERSION = 4.0;
				TARGETED_DEVICE_FAMILY = "1,2";
			};
			name = Release;
		};
		D70B424E209CEBB00062B5E4 /* Debug */ = {
			isa = XCBuildConfiguration;
			baseConfigurationReference = 12DB6BB47E1E16EBEBB0B1BC /* Pods-iOSFinalTests.debug.xcconfig */;
			buildSettings = {
				ALWAYS_EMBED_SWIFT_STANDARD_LIBRARIES = YES;
				BUNDLE_LOADER = "$(TEST_HOST)";
				CODE_SIGN_STYLE = Automatic;
				INFOPLIST_FILE = iOSFinalTests/Info.plist;
				LD_RUNPATH_SEARCH_PATHS = "$(inherited) @executable_path/Frameworks @loader_path/Frameworks";
				PRODUCT_BUNDLE_IDENTIFIER = vivian.iOSFinalTests;
				PRODUCT_NAME = "$(TARGET_NAME)";
				SWIFT_VERSION = 4.0;
				TARGETED_DEVICE_FAMILY = "1,2";
				TEST_HOST = "$(BUILT_PRODUCTS_DIR)/iOSFinal.app/iOSFinal";
			};
			name = Debug;
		};
		D70B424F209CEBB00062B5E4 /* Release */ = {
			isa = XCBuildConfiguration;
			baseConfigurationReference = 80E0FE2C65944EB5ADE00B08 /* Pods-iOSFinalTests.release.xcconfig */;
			buildSettings = {
				ALWAYS_EMBED_SWIFT_STANDARD_LIBRARIES = YES;
				BUNDLE_LOADER = "$(TEST_HOST)";
				CODE_SIGN_STYLE = Automatic;
				INFOPLIST_FILE = iOSFinalTests/Info.plist;
				LD_RUNPATH_SEARCH_PATHS = "$(inherited) @executable_path/Frameworks @loader_path/Frameworks";
				PRODUCT_BUNDLE_IDENTIFIER = vivian.iOSFinalTests;
				PRODUCT_NAME = "$(TARGET_NAME)";
				SWIFT_VERSION = 4.0;
				TARGETED_DEVICE_FAMILY = "1,2";
				TEST_HOST = "$(BUILT_PRODUCTS_DIR)/iOSFinal.app/iOSFinal";
			};
			name = Release;
		};
		D70B4251209CEBB00062B5E4 /* Debug */ = {
			isa = XCBuildConfiguration;
			baseConfigurationReference = 583C862D660EF283D0ED25BB /* Pods-iOSFinalUITests.debug.xcconfig */;
			buildSettings = {
				ALWAYS_EMBED_SWIFT_STANDARD_LIBRARIES = YES;
				CODE_SIGN_STYLE = Automatic;
				INFOPLIST_FILE = iOSFinalUITests/Info.plist;
				LD_RUNPATH_SEARCH_PATHS = "$(inherited) @executable_path/Frameworks @loader_path/Frameworks";
				PRODUCT_BUNDLE_IDENTIFIER = vivian.iOSFinalUITests;
				PRODUCT_NAME = "$(TARGET_NAME)";
				SWIFT_VERSION = 4.0;
				TARGETED_DEVICE_FAMILY = "1,2";
				TEST_TARGET_NAME = iOSFinal;
			};
			name = Debug;
		};
		D70B4252209CEBB00062B5E4 /* Release */ = {
			isa = XCBuildConfiguration;
			baseConfigurationReference = E8287F291E7BAE7AE5A75BAF /* Pods-iOSFinalUITests.release.xcconfig */;
			buildSettings = {
				ALWAYS_EMBED_SWIFT_STANDARD_LIBRARIES = YES;
				CODE_SIGN_STYLE = Automatic;
				INFOPLIST_FILE = iOSFinalUITests/Info.plist;
				LD_RUNPATH_SEARCH_PATHS = "$(inherited) @executable_path/Frameworks @loader_path/Frameworks";
				PRODUCT_BUNDLE_IDENTIFIER = vivian.iOSFinalUITests;
				PRODUCT_NAME = "$(TARGET_NAME)";
				SWIFT_VERSION = 4.0;
				TARGETED_DEVICE_FAMILY = "1,2";
				TEST_TARGET_NAME = iOSFinal;
			};
			name = Release;
		};
/* End XCBuildConfiguration section */

/* Begin XCConfigurationList section */
		D70B421D209CEBB00062B5E4 /* Build configuration list for PBXProject "iOSFinal" */ = {
			isa = XCConfigurationList;
			buildConfigurations = (
				D70B4248209CEBB00062B5E4 /* Debug */,
				D70B4249209CEBB00062B5E4 /* Release */,
			);
			defaultConfigurationIsVisible = 0;
			defaultConfigurationName = Release;
		};
		D70B424A209CEBB00062B5E4 /* Build configuration list for PBXNativeTarget "iOSFinal" */ = {
			isa = XCConfigurationList;
			buildConfigurations = (
				D70B424B209CEBB00062B5E4 /* Debug */,
				D70B424C209CEBB00062B5E4 /* Release */,
			);
			defaultConfigurationIsVisible = 0;
			defaultConfigurationName = Release;
		};
		D70B424D209CEBB00062B5E4 /* Build configuration list for PBXNativeTarget "iOSFinalTests" */ = {
			isa = XCConfigurationList;
			buildConfigurations = (
				D70B424E209CEBB00062B5E4 /* Debug */,
				D70B424F209CEBB00062B5E4 /* Release */,
			);
			defaultConfigurationIsVisible = 0;
			defaultConfigurationName = Release;
		};
		D70B4250209CEBB00062B5E4 /* Build configuration list for PBXNativeTarget "iOSFinalUITests" */ = {
			isa = XCConfigurationList;
			buildConfigurations = (
				D70B4251209CEBB00062B5E4 /* Debug */,
				D70B4252209CEBB00062B5E4 /* Release */,
			);
			defaultConfigurationIsVisible = 0;
			defaultConfigurationName = Release;
		};
/* End XCConfigurationList section */
	};
	rootObject = D70B421A209CEBB00062B5E4 /* Project object */;
}
